
Microsoft Visual Studio Solution File, Format Version 12.00
# Visual Studio Version 16
VisualStudioVersion = 16.0.31613.86
MinimumVisualStudioVersion = 10.0.40219.1
Project("{FAE04EC0-301F-11D3-BF4B-00C04F79EFBC}") = "Car_Insurance_Approval", "Car_Insurance_Approval\Car_Insurance_Approval.csproj", "{76454EDE-21BC-4D62-9268-5E067BE1A1D0}"
EndProject
Global
	GlobalSection(SolutionConfigurationPlatforms) = preSolution
		Debug|Any CPU = Debug|Any CPU
		Release|Any CPU = Release|Any CPU
	EndGlobalSection
	GlobalSection(ProjectConfigurationPlatforms) = postSolution
		{76454EDE-21BC-4D62-9268-5E067BE1A1D0}.Debug|Any CPU.ActiveCfg = Debug|Any CPU
		{76454EDE-21BC-4D62-9268-5E067BE1A1D0}.Debug|Any CPU.Build.0 = Debug|Any CPU
		{76454EDE-21BC-4D62-9268-5E067BE1A1D0}.Release|Any CPU.ActiveCfg = Release|Any CPU
		{76454EDE-21BC-4D62-9268-5E067BE1A1D0}.Release|Any CPU.Build.0 = Release|Any CPU
	EndGlobalSection
	GlobalSection(SolutionProperties) = preSolution
		HideSolutionNode = FALSE
	EndGlobalSection
	GlobalSection(ExtensibilityGlobals) = postSolution
		SolutionGuid = {711B873E-ED6E-4D11-A209-D9DEDE9F4B44}
	EndGlobalSection
EndGlobal
