
Microsoft Visual Studio Solution File, Format Version 12.00
# Visual Studio Version 16
VisualStudioVersion = 16.0.30128.74
MinimumVisualStudioVersion = 10.0.40219.1
Project("{FAE04EC0-301F-11D3-BF4B-00C04F79EFBC}") = "TwentyOne", "TwentyOne\TwentyOne.csproj", "{2BEFF1D3-A18F-4E32-BBA9-419A129AFCF9}"
EndProject
Global
	GlobalSection(SolutionConfigurationPlatforms) = preSolution
		Debug|Any CPU = Debug|Any CPU
		Release|Any CPU = Release|Any CPU
	EndGlobalSection
	GlobalSection(ProjectConfigurationPlatforms) = postSolution
		{2BEFF1D3-A18F-4E32-BBA9-419A129AFCF9}.Debug|Any CPU.ActiveCfg = Debug|Any CPU
		{2BEFF1D3-A18F-4E32-BBA9-419A129AFCF9}.Debug|Any CPU.Build.0 = Debug|Any CPU
		{2BEFF1D3-A18F-4E32-BBA9-419A129AFCF9}.Release|Any CPU.ActiveCfg = Release|Any CPU
		{2BEFF1D3-A18F-4E32-BBA9-419A129AFCF9}.Release|Any CPU.Build.0 = Release|Any CPU
	EndGlobalSection
	GlobalSection(SolutionProperties) = preSolution
		HideSolutionNode = FALSE
	EndGlobalSection
	GlobalSection(ExtensibilityGlobals) = postSolution
		SolutionGuid = {672AECC0-07AF-433C-A0EA-793C2D4B1C27}
	EndGlobalSection
EndGlobal
