
Microsoft Visual Studio Solution File, Format Version 12.00
# Visual Studio Version 16
VisualStudioVersion = 16.0.31613.86
MinimumVisualStudioVersion = 10.0.40219.1
Project("{FAE04EC0-301F-11D3-BF4B-00C04F79EFBC}") = "Loops", "Loops\Loops.csproj", "{A13FC51B-5DA0-424C-B0C7-BBF5D40EFAB3}"
EndProject
Global
	GlobalSection(SolutionConfigurationPlatforms) = preSolution
		Debug|Any CPU = Debug|Any CPU
		Release|Any CPU = Release|Any CPU
	EndGlobalSection
	GlobalSection(ProjectConfigurationPlatforms) = postSolution
		{A13FC51B-5DA0-424C-B0C7-BBF5D40EFAB3}.Debug|Any CPU.ActiveCfg = Debug|Any CPU
		{A13FC51B-5DA0-424C-B0C7-BBF5D40EFAB3}.Debug|Any CPU.Build.0 = Debug|Any CPU
		{A13FC51B-5DA0-424C-B0C7-BBF5D40EFAB3}.Release|Any CPU.ActiveCfg = Release|Any CPU
		{A13FC51B-5DA0-424C-B0C7-BBF5D40EFAB3}.Release|Any CPU.Build.0 = Release|Any CPU
	EndGlobalSection
	GlobalSection(SolutionProperties) = preSolution
		HideSolutionNode = FALSE
	EndGlobalSection
	GlobalSection(ExtensibilityGlobals) = postSolution
		SolutionGuid = {515FF4C8-94DD-44A2-A97D-C853E4333450}
	EndGlobalSection
EndGlobal
