
Microsoft Visual Studio Solution File, Format Version 12.00
# Visual Studio Version 16
VisualStudioVersion = 16.0.30128.74
MinimumVisualStudioVersion = 10.0.40219.1
Project("{FAE04EC0-301F-11D3-BF4B-00C04F79EFBC}") = "Anonymous_Income_Comparrison", "Anonymous_Income_Comparrison\Anonymous_Income_Comparrison.csproj", "{72B99FB4-8932-420E-B6CA-108C5D0121FC}"
EndProject
Global
	GlobalSection(SolutionConfigurationPlatforms) = preSolution
		Debug|Any CPU = Debug|Any CPU
		Release|Any CPU = Release|Any CPU
	EndGlobalSection
	GlobalSection(ProjectConfigurationPlatforms) = postSolution
		{72B99FB4-8932-420E-B6CA-108C5D0121FC}.Debug|Any CPU.ActiveCfg = Debug|Any CPU
		{72B99FB4-8932-420E-B6CA-108C5D0121FC}.Debug|Any CPU.Build.0 = Debug|Any CPU
		{72B99FB4-8932-420E-B6CA-108C5D0121FC}.Release|Any CPU.ActiveCfg = Release|Any CPU
		{72B99FB4-8932-420E-B6CA-108C5D0121FC}.Release|Any CPU.Build.0 = Release|Any CPU
	EndGlobalSection
	GlobalSection(SolutionProperties) = preSolution
		HideSolutionNode = FALSE
	EndGlobalSection
	GlobalSection(ExtensibilityGlobals) = postSolution
		SolutionGuid = {4996EC45-A6F2-4AAB-91AD-65D107DCAE49}
	EndGlobalSection
EndGlobal
