
Microsoft Visual Studio Solution File, Format Version 12.00
# Visual Studio Version 16
VisualStudioVersion = 16.0.31613.86
MinimumVisualStudioVersion = 10.0.40219.1
Project("{FAE04EC0-301F-11D3-BF4B-00C04F79EFBC}") = "ExceptionHandling", "ExceptionHandling\ExceptionHandling.csproj", "{0B12D204-A2E1-4850-953B-54CA53472FF1}"
EndProject
Global
	GlobalSection(SolutionConfigurationPlatforms) = preSolution
		Debug|Any CPU = Debug|Any CPU
		Release|Any CPU = Release|Any CPU
	EndGlobalSection
	GlobalSection(ProjectConfigurationPlatforms) = postSolution
		{0B12D204-A2E1-4850-953B-54CA53472FF1}.Debug|Any CPU.ActiveCfg = Debug|Any CPU
		{0B12D204-A2E1-4850-953B-54CA53472FF1}.Debug|Any CPU.Build.0 = Debug|Any CPU
		{0B12D204-A2E1-4850-953B-54CA53472FF1}.Release|Any CPU.ActiveCfg = Release|Any CPU
		{0B12D204-A2E1-4850-953B-54CA53472FF1}.Release|Any CPU.Build.0 = Release|Any CPU
	EndGlobalSection
	GlobalSection(SolutionProperties) = preSolution
		HideSolutionNode = FALSE
	EndGlobalSection
	GlobalSection(ExtensibilityGlobals) = postSolution
		SolutionGuid = {760DB640-E064-4D05-A65C-DD98CA33AF94}
	EndGlobalSection
EndGlobal
