
Microsoft Visual Studio Solution File, Format Version 12.00
# Visual Studio Version 16
VisualStudioVersion = 16.0.31613.86
MinimumVisualStudioVersion = 10.0.40219.1
Project("{FAE04EC0-301F-11D3-BF4B-00C04F79EFBC}") = "StringFunctions", "StringFunctions\StringFunctions.csproj", "{6AE977DC-78CF-41A9-8781-213CB62FD774}"
EndProject
Global
	GlobalSection(SolutionConfigurationPlatforms) = preSolution
		Debug|Any CPU = Debug|Any CPU
		Release|Any CPU = Release|Any CPU
	EndGlobalSection
	GlobalSection(ProjectConfigurationPlatforms) = postSolution
		{6AE977DC-78CF-41A9-8781-213CB62FD774}.Debug|Any CPU.ActiveCfg = Debug|Any CPU
		{6AE977DC-78CF-41A9-8781-213CB62FD774}.Debug|Any CPU.Build.0 = Debug|Any CPU
		{6AE977DC-78CF-41A9-8781-213CB62FD774}.Release|Any CPU.ActiveCfg = Release|Any CPU
		{6AE977DC-78CF-41A9-8781-213CB62FD774}.Release|Any CPU.Build.0 = Release|Any CPU
	EndGlobalSection
	GlobalSection(SolutionProperties) = preSolution
		HideSolutionNode = FALSE
	EndGlobalSection
	GlobalSection(ExtensibilityGlobals) = postSolution
		SolutionGuid = {6F00B388-C629-411B-A433-ACB8CB0366D5}
	EndGlobalSection
EndGlobal
