
Microsoft Visual Studio Solution File, Format Version 12.00
# Visual Studio Version 16
VisualStudioVersion = 16.0.31613.86
MinimumVisualStudioVersion = 10.0.40219.1
Project("{FAE04EC0-301F-11D3-BF4B-00C04F79EFBC}") = "Shipping_Quote_For_Package", "Shipping_Quote_For_Package\Shipping_Quote_For_Package.csproj", "{572E5011-EFA8-4969-93FB-161D37BFB11F}"
EndProject
Global
	GlobalSection(SolutionConfigurationPlatforms) = preSolution
		Debug|Any CPU = Debug|Any CPU
		Release|Any CPU = Release|Any CPU
	EndGlobalSection
	GlobalSection(ProjectConfigurationPlatforms) = postSolution
		{572E5011-EFA8-4969-93FB-161D37BFB11F}.Debug|Any CPU.ActiveCfg = Debug|Any CPU
		{572E5011-EFA8-4969-93FB-161D37BFB11F}.Debug|Any CPU.Build.0 = Debug|Any CPU
		{572E5011-EFA8-4969-93FB-161D37BFB11F}.Release|Any CPU.ActiveCfg = Release|Any CPU
		{572E5011-EFA8-4969-93FB-161D37BFB11F}.Release|Any CPU.Build.0 = Release|Any CPU
	EndGlobalSection
	GlobalSection(SolutionProperties) = preSolution
		HideSolutionNode = FALSE
	EndGlobalSection
	GlobalSection(ExtensibilityGlobals) = postSolution
		SolutionGuid = {EA8FFF04-70B2-43DB-8D24-221F4DC78E5A}
	EndGlobalSection
EndGlobal
